// !$*UTF8*$!
{
	archiveVersion = 1;
	classes = {
	};
	objectVersion = 77;
	objects = {

/* Begin PBXContainerItemProxy section */
		362643B52CFD6EA8003F48D2 /* PBXContainerItemProxy */ = {
			isa = PBXContainerItemProxy;
			containerPortal = 3626439C2CFD6EA7003F48D2 /* Project object */;
			proxyType = 1;
			remoteGlobalIDString = 362643A32CFD6EA7003F48D2;
			remoteInfo = "wnm-moto-IOS";
		};
		362643BF2CFD6EA8003F48D2 /* PBXContainerItemProxy */ = {
			isa = PBXContainerItemProxy;
			containerPortal = 3626439C2CFD6EA7003F48D2 /* Project object */;
			proxyType = 1;
			remoteGlobalIDString = 362643A32CFD6EA7003F48D2;
			remoteInfo = "wnm-moto-IOS";
		};
/* End PBXContainerItemProxy section */

/* Begin PBXFileReference section */
		362643A42CFD6EA7003F48D2 /* wnm-moto-IOS.app */ = {isa = PBXFileReference; explicitFileType = wrapper.application; includeInIndex = 0; path = "wnm-moto-IOS.app"; sourceTree = BUILT_PRODUCTS_DIR; };
		362643B42CFD6EA8003F48D2 /* wnm-moto-IOSTests.xctest */ = {isa = PBXFileReference; explicitFileType = wrapper.cfbundle; includeInIndex = 0; path = "wnm-moto-IOSTests.xctest"; sourceTree = BUILT_PRODUCTS_DIR; };
		362643BE2CFD6EA8003F48D2 /* wnm-moto-IOSUITests.xctest */ = {isa = PBXFileReference; explicitFileType = wrapper.cfbundle; includeInIndex = 0; path = "wnm-moto-IOSUITests.xctest"; sourceTree = BUILT_PRODUCTS_DIR; };
/* End PBXFileReference section */

/* Begin PBXFileSystemSynchronizedBuildFileExceptionSet section */
		362644202CFD7E0F003F48D2 /* Exceptions for "wnm-moto-IOS" folder in "wnm-moto-IOS" target */ = {
			isa = PBXFileSystemSynchronizedBuildFileExceptionSet;
			membershipExceptions = (
				"/Localized: Info.plist",
			);
			target = 362643A32CFD6EA7003F48D2 /* wnm-moto-IOS */;
		};
/* End PBXFileSystemSynchronizedBuildFileExceptionSet section */

/* Begin PBXFileSystemSynchronizedRootGroup section */
		362643A62CFD6EA7003F48D2 /* wnm-moto-IOS */ = {
			isa = PBXFileSystemSynchronizedRootGroup;
			exceptions = (
				362644202CFD7E0F003F48D2 /* Exceptions for "wnm-moto-IOS" folder in "wnm-moto-IOS" target */,
			);
			path = "wnm-moto-IOS";
			sourceTree = "<group>";
		};
		362643B72CFD6EA8003F48D2 /* wnm-moto-IOSTests */ = {
			isa = PBXFileSystemSynchronizedRootGroup;
			path = "wnm-moto-IOSTests";
			sourceTree = "<group>";
		};
		362643C12CFD6EA8003F48D2 /* wnm-moto-IOSUITests */ = {
			isa = PBXFileSystemSynchronizedRootGroup;
			path = "wnm-moto-IOSUITests";
			sourceTree = "<group>";
		};
/* End PBXFileSystemSynchronizedRootGroup section */

/* Begin PBXFrameworksBuildPhase section */
		362643A12CFD6EA7003F48D2 /* Frameworks */ = {
			isa = PBXFrameworksBuildPhase;
			buildActionMask = 2147483647;
			files = (
			);
			runOnlyForDeploymentPostprocessing = 0;
		};
		362643B12CFD6EA8003F48D2 /* Frameworks */ = {
			isa = PBXFrameworksBuildPhase;
			buildActionMask = 2147483647;
			files = (
			);
			runOnlyForDeploymentPostprocessing = 0;
		};
		362643BB2CFD6EA8003F48D2 /* Frameworks */ = {
			isa = PBXFrameworksBuildPhase;
			buildActionMask = 2147483647;
			files = (
			);
			runOnlyForDeploymentPostprocessing = 0;
		};
/* End PBXFrameworksBuildPhase section */

/* Begin PBXGroup section */
		3626439B2CFD6EA7003F48D2 = {
			isa = PBXGroup;
			children = (
				362643A62CFD6EA7003F48D2 /* wnm-moto-IOS */,
				362643B72CFD6EA8003F48D2 /* wnm-moto-IOSTests */,
				362643C12CFD6EA8003F48D2 /* wnm-moto-IOSUITests */,
				362643A52CFD6EA7003F48D2 /* Products */,
			);
			sourceTree = "<group>";
		};
		362643A52CFD6EA7003F48D2 /* Products */ = {
			isa = PBXGroup;
			children = (
				362643A42CFD6EA7003F48D2 /* wnm-moto-IOS.app */,
				362643B42CFD6EA8003F48D2 /* wnm-moto-IOSTests.xctest */,
				362643BE2CFD6EA8003F48D2 /* wnm-moto-IOSUITests.xctest */,
			);
			name = Products;
			sourceTree = "<group>";
		};
/* End PBXGroup section */

/* Begin PBXNativeTarget section */
		362643A32CFD6EA7003F48D2 /* wnm-moto-IOS */ = {
			isa = PBXNativeTarget;
			buildConfigurationList = 362643C82CFD6EA8003F48D2 /* Build configuration list for PBXNativeTarget "wnm-moto-IOS" */;
			buildPhases = (
				362643A02CFD6EA7003F48D2 /* Sources */,
				362643A12CFD6EA7003F48D2 /* Frameworks */,
				362643A22CFD6EA7003F48D2 /* Resources */,
			);
			buildRules = (
			);
			dependencies = (
			);
			fileSystemSynchronizedGroups = (
				362643A62CFD6EA7003F48D2 /* wnm-moto-IOS */,
			);
			name = "wnm-moto-IOS";
			packageProductDependencies = (
			);
			productName = "wnm-moto-IOS";
			productReference = 362643A42CFD6EA7003F48D2 /* wnm-moto-IOS.app */;
			productType = "com.apple.product-type.application";
		};
		362643B32CFD6EA8003F48D2 /* wnm-moto-IOSTests */ = {
			isa = PBXNativeTarget;
			buildConfigurationList = 362643CB2CFD6EA8003F48D2 /* Build configuration list for PBXNativeTarget "wnm-moto-IOSTests" */;
			buildPhases = (
				362643B02CFD6EA8003F48D2 /* Sources */,
				362643B12CFD6EA8003F48D2 /* Frameworks */,
				362643B22CFD6EA8003F48D2 /* Resources */,
			);
			buildRules = (
			);
			dependencies = (
				362643B62CFD6EA8003F48D2 /* PBXTargetDependency */,
			);
			fileSystemSynchronizedGroups = (
				362643B72CFD6EA8003F48D2 /* wnm-moto-IOSTests */,
			);
			name = "wnm-moto-IOSTests";
			packageProductDependencies = (
			);
			productName = "wnm-moto-IOSTests";
			productReference = 362643B42CFD6EA8003F48D2 /* wnm-moto-IOSTests.xctest */;
			productType = "com.apple.product-type.bundle.unit-test";
		};
		362643BD2CFD6EA8003F48D2 /* wnm-moto-IOSUITests */ = {
			isa = PBXNativeTarget;
			buildConfigurationList = 362643CE2CFD6EA8003F48D2 /* Build configuration list for PBXNativeTarget "wnm-moto-IOSUITests" */;
			buildPhases = (
				362643BA2CFD6EA8003F48D2 /* Sources */,
				362643BB2CFD6EA8003F48D2 /* Frameworks */,
				362643BC2CFD6EA8003F48D2 /* Resources */,
			);
			buildRules = (
			);
			dependencies = (
				362643C02CFD6EA8003F48D2 /* PBXTargetDependency */,
			);
			fileSystemSynchronizedGroups = (
				362643C12CFD6EA8003F48D2 /* wnm-moto-IOSUITests */,
			);
			name = "wnm-moto-IOSUITests";
			packageProductDependencies = (
			);
			productName = "wnm-moto-IOSUITests";
			productReference = 362643BE2CFD6EA8003F48D2 /* wnm-moto-IOSUITests.xctest */;
			productType = "com.apple.product-type.bundle.ui-testing";
		};
/* End PBXNativeTarget section */

/* Begin PBXProject section */
		3626439C2CFD6EA7003F48D2 /* Project object */ = {
			isa = PBXProject;
			attributes = {
				BuildIndependentTargetsInParallel = 1;
				LastSwiftUpdateCheck = 1610;
				LastUpgradeCheck = 1610;
				TargetAttributes = {
					362643A32CFD6EA7003F48D2 = {
						CreatedOnToolsVersion = 16.1;
					};
					362643B32CFD6EA8003F48D2 = {
						CreatedOnToolsVersion = 16.1;
						TestTargetID = 362643A32CFD6EA7003F48D2;
					};
					362643BD2CFD6EA8003F48D2 = {
						CreatedOnToolsVersion = 16.1;
						TestTargetID = 362643A32CFD6EA7003F48D2;
					};
				};
			};
			buildConfigurationList = 3626439F2CFD6EA7003F48D2 /* Build configuration list for PBXProject "wnm-moto-IOS" */;
			developmentRegion = ko;
			hasScannedForEncodings = 0;
			knownRegions = (
				en,
				Base,
				ko,
			);
			mainGroup = 3626439B2CFD6EA7003F48D2;
			minimizedProjectReferenceProxies = 1;
			preferredProjectObjectVersion = 77;
			productRefGroup = 362643A52CFD6EA7003F48D2 /* Products */;
			projectDirPath = "";
			projectRoot = "";
			targets = (
				362643A32CFD6EA7003F48D2 /* wnm-moto-IOS */,
				362643B32CFD6EA8003F48D2 /* wnm-moto-IOSTests */,
				362643BD2CFD6EA8003F48D2 /* wnm-moto-IOSUITests */,
			);
		};
/* End PBXProject section */

/* Begin PBXResourcesBuildPhase section */
		362643A22CFD6EA7003F48D2 /* Resources */ = {
			isa = PBXResourcesBuildPhase;
			buildActionMask = 2147483647;
			files = (
			);
			runOnlyForDeploymentPostprocessing = 0;
		};
		362643B22CFD6EA8003F48D2 /* Resources */ = {
			isa = PBXResourcesBuildPhase;
			buildActionMask = 2147483647;
			files = (
			);
			runOnlyForDeploymentPostprocessing = 0;
		};
		362643BC2CFD6EA8003F48D2 /* Resources */ = {
			isa = PBXResourcesBuildPhase;
			buildActionMask = 2147483647;
			files = (
			);
			runOnlyForDeploymentPostprocessing = 0;
		};
/* End PBXResourcesBuildPhase section */

/* Begin PBXSourcesBuildPhase section */
		362643A02CFD6EA7003F48D2 /* Sources */ = {
			isa = PBXSourcesBuildPhase;
			buildActionMask = 2147483647;
			files = (
			);
			runOnlyForDeploymentPostprocessing = 0;
		};
		362643B02CFD6EA8003F48D2 /* Sources */ = {
			isa = PBXSourcesBuildPhase;
			buildActionMask = 2147483647;
			files = (
			);
			runOnlyForDeploymentPostprocessing = 0;
		};
		362643BA2CFD6EA8003F48D2 /* Sources */ = {
			isa = PBXSourcesBuildPhase;
			buildActionMask = 2147483647;
			files = (
			);
			runOnlyForDeploymentPostprocessing = 0;
		};
/* End PBXSourcesBuildPhase section */

/* Begin PBXTargetDependency section */
		362643B62CFD6EA8003F48D2 /* PBXTargetDependency */ = {
			isa = PBXTargetDependency;
			target = 362643A32CFD6EA7003F48D2 /* wnm-moto-IOS */;
			targetProxy = 362643B52CFD6EA8003F48D2 /* PBXContainerItemProxy */;
		};
		362643C02CFD6EA8003F48D2 /* PBXTargetDependency */ = {
			isa = PBXTargetDependency;
			target = 362643A32CFD6EA7003F48D2 /* wnm-moto-IOS */;
			targetProxy = 362643BF2CFD6EA8003F48D2 /* PBXContainerItemProxy */;
		};
/* End PBXTargetDependency section */

/* Begin XCBuildConfiguration section */
		362643C62CFD6EA8003F48D2 /* Debug */ = {
			isa = XCBuildConfiguration;
			buildSettings = {
				ALWAYS_SEARCH_USER_PATHS = NO;
				ASSETCATALOG_COMPILER_GENERATE_SWIFT_ASSET_SYMBOL_EXTENSIONS = YES;
				CLANG_ANALYZER_NONNULL = YES;
				CLANG_ANALYZER_NUMBER_OBJECT_CONVERSION = YES_AGGRESSIVE;
				CLANG_CXX_LANGUAGE_STANDARD = "gnu++20";
				CLANG_ENABLE_MODULES = YES;
				CLANG_ENABLE_OBJC_ARC = YES;
				CLANG_ENABLE_OBJC_WEAK = YES;
				CLANG_WARN_BLOCK_CAPTURE_AUTORELEASING = YES;
				CLANG_WARN_BOOL_CONVERSION = YES;
				CLANG_WARN_COMMA = YES;
				CLANG_WARN_CONSTANT_CONVERSION = YES;
				CLANG_WARN_DEPRECATED_OBJC_IMPLEMENTATIONS = YES;
				CLANG_WARN_DIRECT_OBJC_ISA_USAGE = YES_ERROR;
				CLANG_WARN_DOCUMENTATION_COMMENTS = YES;
				CLANG_WARN_EMPTY_BODY = YES;
				CLANG_WARN_ENUM_CONVERSION = YES;
				CLANG_WARN_INFINITE_RECURSION = YES;
				CLANG_WARN_INT_CONVERSION = YES;
				CLANG_WARN_NON_LITERAL_NULL_CONVERSION = YES;
				CLANG_WARN_OBJC_IMPLICIT_RETAIN_SELF = YES;
				CLANG_WARN_OBJC_LITERAL_CONVERSION = YES;
				CLANG_WARN_OBJC_ROOT_CLASS = YES_ERROR;
				CLANG_WARN_QUOTED_INCLUDE_IN_FRAMEWORK_HEADER = YES;
				CLANG_WARN_RANGE_LOOP_ANALYSIS = YES;
				CLANG_WARN_STRICT_PROTOTYPES = YES;
				CLANG_WARN_SUSPICIOUS_MOVE = YES;
				CLANG_WARN_UNGUARDED_AVAILABILITY = YES_AGGRESSIVE;
				CLANG_WARN_UNREACHABLE_CODE = YES;
				CLANG_WARN__DUPLICATE_METHOD_MATCH = YES;
				COPY_PHASE_STRIP = NO;
				DEBUG_INFORMATION_FORMAT = dwarf;
				ENABLE_STRICT_OBJC_MSGSEND = YES;
				ENABLE_TESTABILITY = YES;
				ENABLE_USER_SCRIPT_SANDBOXING = YES;
				GCC_C_LANGUAGE_STANDARD = gnu17;
				GCC_DYNAMIC_NO_PIC = NO;
				GCC_NO_COMMON_BLOCKS = YES;
				GCC_OPTIMIZATION_LEVEL = 0;
				GCC_PREPROCESSOR_DEFINITIONS = (
					"DEBUG=1",
					"$(inherited)",
				);
				GCC_WARN_64_TO_32_BIT_CONVERSION = YES;
				GCC_WARN_ABOUT_RETURN_TYPE = YES_ERROR;
				GCC_WARN_UNDECLARED_SELECTOR = YES;
				GCC_WARN_UNINITIALIZED_AUTOS = YES_AGGRESSIVE;
				GCC_WARN_UNUSED_FUNCTION = YES;
				GCC_WARN_UNUSED_VARIABLE = YES;
				IPHONEOS_DEPLOYMENT_TARGET = 18.1;
				LOCALIZATION_PREFERS_STRING_CATALOGS = YES;
				MTL_ENABLE_DEBUG_INFO = INCLUDE_SOURCE;
				MTL_FAST_MATH = YES;
				ONLY_ACTIVE_ARCH = YES;
				SDKROOT = iphoneos;
				SWIFT_ACTIVE_COMPILATION_CONDITIONS = "DEBUG $(inherited)";
				SWIFT_OPTIMIZATION_LEVEL = "-Onone";
			};
			name = Debug;
		};
		362643C72CFD6EA8003F48D2 /* Release */ = {
			isa = XCBuildConfiguration;
			buildSettings = {
				ALWAYS_SEARCH_USER_PATHS = NO;
				ASSETCATALOG_COMPILER_GENERATE_SWIFT_ASSET_SYMBOL_EXTENSIONS = YES;
				CLANG_ANALYZER_NONNULL = YES;
				CLANG_ANALYZER_NUMBER_OBJECT_CONVERSION = YES_AGGRESSIVE;
				CLANG_CXX_LANGUAGE_STANDARD = "gnu++20";
				CLANG_ENABLE_MODULES = YES;
				CLANG_ENABLE_OBJC_ARC = YES;
				CLANG_ENABLE_OBJC_WEAK = YES;
				CLANG_WARN_BLOCK_CAPTURE_AUTORELEASING = YES;
				CLANG_WARN_BOOL_CONVERSION = YES;
				CLANG_WARN_COMMA = YES;
				CLANG_WARN_CONSTANT_CONVERSION = YES;
				CLANG_WARN_DEPRECATED_OBJC_IMPLEMENTATIONS = YES;
				CLANG_WARN_DIRECT_OBJC_ISA_USAGE = YES_ERROR;
				CLANG_WARN_DOCUMENTATION_COMMENTS = YES;
				CLANG_WARN_EMPTY_BODY = YES;
				CLANG_WARN_ENUM_CONVERSION = YES;
				CLANG_WARN_INFINITE_RECURSION = YES;
				CLANG_WARN_INT_CONVERSION = YES;
				CLANG_WARN_NON_LITERAL_NULL_CONVERSION = YES;
				CLANG_WARN_OBJC_IMPLICIT_RETAIN_SELF = YES;
				CLANG_WARN_OBJC_LITERAL_CONVERSION = YES;
				CLANG_WARN_OBJC_ROOT_CLASS = YES_ERROR;
				CLANG_WARN_QUOTED_INCLUDE_IN_FRAMEWORK_HEADER = YES;
				CLANG_WARN_RANGE_LOOP_ANALYSIS = YES;
				CLANG_WARN_STRICT_PROTOTYPES = YES;
				CLANG_WARN_SUSPICIOUS_MOVE = YES;
				CLANG_WARN_UNGUARDED_AVAILABILITY = YES_AGGRESSIVE;
				CLANG_WARN_UNREACHABLE_CODE = YES;
				CLANG_WARN__DUPLICATE_METHOD_MATCH = YES;
				COPY_PHASE_STRIP = NO;
				DEBUG_INFORMATION_FORMAT = "dwarf-with-dsym";
				ENABLE_NS_ASSERTIONS = NO;
				ENABLE_STRICT_OBJC_MSGSEND = YES;
				ENABLE_USER_SCRIPT_SANDBOXING = YES;
				GCC_C_LANGUAGE_STANDARD = gnu17;
				GCC_NO_COMMON_BLOCKS = YES;
				GCC_WARN_64_TO_32_BIT_CONVERSION = YES;
				GCC_WARN_ABOUT_RETURN_TYPE = YES_ERROR;
				GCC_WARN_UNDECLARED_SELECTOR = YES;
				GCC_WARN_UNINITIALIZED_AUTOS = YES_AGGRESSIVE;
				GCC_WARN_UNUSED_FUNCTION = YES;
				GCC_WARN_UNUSED_VARIABLE = YES;
				IPHONEOS_DEPLOYMENT_TARGET = 18.1;
				LOCALIZATION_PREFERS_STRING_CATALOGS = YES;
				MTL_ENABLE_DEBUG_INFO = NO;
				MTL_FAST_MATH = YES;
				SDKROOT = iphoneos;
				SWIFT_COMPILATION_MODE = wholemodule;
				VALIDATE_PRODUCT = YES;
			};
			name = Release;
		};
		362643C92CFD6EA8003F48D2 /* Debug */ = {
			isa = XCBuildConfiguration;
			buildSettings = {
				ASSETCATALOG_COMPILER_APPICON_NAME = AppIcon;
				ASSETCATALOG_COMPILER_GLOBAL_ACCENT_COLOR_NAME = AccentColor;
				ASSETCATALOG_COMPILER_INCLUDE_ALL_APPICON_ASSETS = YES;
				CODE_SIGN_STYLE = Automatic;
				CURRENT_PROJECT_VERSION = 1.0;
				DEVELOPMENT_ASSET_PATHS = "\"wnm-moto-IOS/Preview Content\"";
				DEVELOPMENT_TEAM = 588G8WC8MN;
				ENABLE_PREVIEWS = YES;
				GENERATE_INFOPLIST_FILE = YES;
				INFOPLIST_FILE = "wnm-moto-IOS/Base.lproj/Info.plist";
				INFOPLIST_KEY_CFBundleDisplayName = "Wheels & Meets";
				INFOPLIST_KEY_LSApplicationCategoryType = "public.app-category.social-networking";
				INFOPLIST_KEY_UIApplicationSceneManifest_Generation = YES;
				INFOPLIST_KEY_UIApplicationSupportsIndirectInputEvents = YES;
				INFOPLIST_KEY_UILaunchStoryboardName = "Launch Screen";
				INFOPLIST_KEY_UISupportedInterfaceOrientations_iPad = "UIInterfaceOrientationPortrait UIInterfaceOrientationPortraitUpsideDown UIInterfaceOrientationLandscapeLeft UIInterfaceOrientationLandscapeRight";
				INFOPLIST_KEY_UISupportedInterfaceOrientations_iPhone = "UIInterfaceOrientationPortrait UIInterfaceOrientationLandscapeLeft UIInterfaceOrientationLandscapeRight";
				LD_RUNPATH_SEARCH_PATHS = (
					"$(inherited)",
					"@executable_path/Frameworks",
				);
				MARKETING_VERSION = 1.0;
				PRODUCT_BUNDLE_IDENTIFIER = "com.goodnodes.wnm-moto-IOS";
				PRODUCT_NAME = "$(TARGET_NAME)";
				SUPPORTED_PLATFORMS = "iphoneos iphonesimulator";
				SUPPORTS_MACCATALYST = NO;
				SUPPORTS_MAC_DESIGNED_FOR_IPHONE_IPAD = NO;
				SUPPORTS_XR_DESIGNED_FOR_IPHONE_IPAD = NO;
				SWIFT_EMIT_LOC_STRINGS = YES;
				SWIFT_VERSION = 5.0;
				TARGETED_DEVICE_FAMILY = "1,2";
			};
			name = Debug;
		};
		362643CA2CFD6EA8003F48D2 /* Release */ = {
			isa = XCBuildConfiguration;
			buildSettings = {
				ASSETCATALOG_COMPILER_APPICON_NAME = AppIcon;
				ASSETCATALOG_COMPILER_GLOBAL_ACCENT_COLOR_NAME = AccentColor;
				ASSETCATALOG_COMPILER_INCLUDE_ALL_APPICON_ASSETS = YES;
				CODE_SIGN_STYLE = Automatic;
				CURRENT_PROJECT_VERSION = 1.0;
				DEVELOPMENT_ASSET_PATHS = "\"wnm-moto-IOS/Preview Content\"";
				DEVELOPMENT_TEAM = 588G8WC8MN;
				ENABLE_PREVIEWS = YES;
				GENERATE_INFOPLIST_FILE = YES;
				INFOPLIST_FILE = "wnm-moto-IOS/Base.lproj/Info.plist";
				INFOPLIST_KEY_CFBundleDisplayName = "Wheels & Meets";
				INFOPLIST_KEY_LSApplicationCategoryType = "public.app-category.social-networking";
				INFOPLIST_KEY_UIApplicationSceneManifest_Generation = YES;
				INFOPLIST_KEY_UIApplicationSupportsIndirectInputEvents = YES;
				INFOPLIST_KEY_UILaunchStoryboardName = "Launch Screen";
				INFOPLIST_KEY_UISupportedInterfaceOrientations_iPad = "UIInterfaceOrientationPortrait UIInterfaceOrientationPortraitUpsideDown UIInterfaceOrientationLandscapeLeft UIInterfaceOrientationLandscapeRight";
				INFOPLIST_KEY_UISupportedInterfaceOrientations_iPhone = "UIInterfaceOrientationPortrait UIInterfaceOrientationLandscapeLeft UIInterfaceOrientationLandscapeRight";
				LD_RUNPATH_SEARCH_PATHS = (
					"$(inherited)",
					"@executable_path/Frameworks",
				);
				MARKETING_VERSION = 1.0;
				PRODUCT_BUNDLE_IDENTIFIER = "com.goodnodes.wnm-moto-IOS";
				PRODUCT_NAME = "$(TARGET_NAME)";
				SUPPORTED_PLATFORMS = "iphoneos iphonesimulator";
				SUPPORTS_MACCATALYST = NO;
				SUPPORTS_MAC_DESIGNED_FOR_IPHONE_IPAD = NO;
				SUPPORTS_XR_DESIGNED_FOR_IPHONE_IPAD = NO;
				SWIFT_EMIT_LOC_STRINGS = YES;
				SWIFT_VERSION = 5.0;
				TARGETED_DEVICE_FAMILY = "1,2";
			};
			name = Release;
		};
		362643CC2CFD6EA8003F48D2 /* Debug */ = {
			isa = XCBuildConfiguration;
			buildSettings = {
				BUNDLE_LOADER = "$(TEST_HOST)";
				CODE_SIGN_STYLE = Automatic;
				CURRENT_PROJECT_VERSION = 1;
				DEVELOPMENT_TEAM = 588G8WC8MN;
				GENERATE_INFOPLIST_FILE = YES;
				IPHONEOS_DEPLOYMENT_TARGET = 18.1;
				MARKETING_VERSION = 1.0;
				PRODUCT_BUNDLE_IDENTIFIER = "com.goodnodes.wnm-moto-IOSTests";
				PRODUCT_NAME = "$(TARGET_NAME)";
				SWIFT_EMIT_LOC_STRINGS = NO;
				SWIFT_VERSION = 5.0;
				TARGETED_DEVICE_FAMILY = "1,2";
				TEST_HOST = "$(BUILT_PRODUCTS_DIR)/wnm-moto-IOS.app/$(BUNDLE_EXECUTABLE_FOLDER_PATH)/wnm-moto-IOS";
			};
			name = Debug;
		};
		362643CD2CFD6EA8003F48D2 /* Release */ = {
			isa = XCBuildConfiguration;
			buildSettings = {
				BUNDLE_LOADER = "$(TEST_HOST)";
				CODE_SIGN_STYLE = Automatic;
				CURRENT_PROJECT_VERSION = 1;
				DEVELOPMENT_TEAM = 588G8WC8MN;
				GENERATE_INFOPLIST_FILE = YES;
				IPHONEOS_DEPLOYMENT_TARGET = 18.1;
				MARKETING_VERSION = 1.0;
				PRODUCT_BUNDLE_IDENTIFIER = "com.goodnodes.wnm-moto-IOSTests";
				PRODUCT_NAME = "$(TARGET_NAME)";
				SWIFT_EMIT_LOC_STRINGS = NO;
				SWIFT_VERSION = 5.0;
				TARGETED_DEVICE_FAMILY = "1,2";
				TEST_HOST = "$(BUILT_PRODUCTS_DIR)/wnm-moto-IOS.app/$(BUNDLE_EXECUTABLE_FOLDER_PATH)/wnm-moto-IOS";
			};
			name = Release;
		};
		362643CF2CFD6EA8003F48D2 /* Debug */ = {
			isa = XCBuildConfiguration;
			buildSettings = {
				CODE_SIGN_STYLE = Automatic;
				CURRENT_PROJECT_VERSION = 1;
				DEVELOPMENT_TEAM = 588G8WC8MN;
				GENERATE_INFOPLIST_FILE = YES;
				MARKETING_VERSION = 1.0;
				PRODUCT_BUNDLE_IDENTIFIER = "com.goodnodes.wnm-moto-IOSUITests";
				PRODUCT_NAME = "$(TARGET_NAME)";
				SWIFT_EMIT_LOC_STRINGS = NO;
				SWIFT_VERSION = 5.0;
				TARGETED_DEVICE_FAMILY = "1,2";
				TEST_TARGET_NAME = "wnm-moto-IOS";
			};
			name = Debug;
		};
		362643D02CFD6EA8003F48D2 /* Release */ = {
			isa = XCBuildConfiguration;
			buildSettings = {
				CODE_SIGN_STYLE = Automatic;
				CURRENT_PROJECT_VERSION = 1;
				DEVELOPMENT_TEAM = 588G8WC8MN;
				GENERATE_INFOPLIST_FILE = YES;
				MARKETING_VERSION = 1.0;
				PRODUCT_BUNDLE_IDENTIFIER = "com.goodnodes.wnm-moto-IOSUITests";
				PRODUCT_NAME = "$(TARGET_NAME)";
				SWIFT_EMIT_LOC_STRINGS = NO;
				SWIFT_VERSION = 5.0;
				TARGETED_DEVICE_FAMILY = "1,2";
				TEST_TARGET_NAME = "wnm-moto-IOS";
			};
			name = Release;
		};
/* End XCBuildConfiguration section */

/* Begin XCConfigurationList section */
		3626439F2CFD6EA7003F48D2 /* Build configuration list for PBXProject "wnm-moto-IOS" */ = {
			isa = XCConfigurationList;
			buildConfigurations = (
				362643C62CFD6EA8003F48D2 /* Debug */,
				362643C72CFD6EA8003F48D2 /* Release */,
			);
			defaultConfigurationIsVisible = 0;
			defaultConfigurationName = Release;
		};
		362643C82CFD6EA8003F48D2 /* Build configuration list for PBXNativeTarget "wnm-moto-IOS" */ = {
			isa = XCConfigurationList;
			buildConfigurations = (
				362643C92CFD6EA8003F48D2 /* Debug */,
				362643CA2CFD6EA8003F48D2 /* Release */,
			);
			defaultConfigurationIsVisible = 0;
			defaultConfigurationName = Release;
		};
		362643CB2CFD6EA8003F48D2 /* Build configuration list for PBXNativeTarget "wnm-moto-IOSTests" */ = {
			isa = XCConfigurationList;
			buildConfigurations = (
				362643CC2CFD6EA8003F48D2 /* Debug */,
				362643CD2CFD6EA8003F48D2 /* Release */,
			);
			defaultConfigurationIsVisible = 0;
			defaultConfigurationName = Release;
		};
		362643CE2CFD6EA8003F48D2 /* Build configuration list for PBXNativeTarget "wnm-moto-IOSUITests" */ = {
			isa = XCConfigurationList;
			buildConfigurations = (
				362643CF2CFD6EA8003F48D2 /* Debug */,
				362643D02CFD6EA8003F48D2 /* Release */,
			);
			defaultConfigurationIsVisible = 0;
			defaultConfigurationName = Release;
		};
/* End XCConfigurationList section */
	};
	rootObject = 3626439C2CFD6EA7003F48D2 /* Project object */;
}
